
Microsoft Visual Studio Solution File, Format Version 12.00
# Visual Studio 15
VisualStudioVersion = 15.0.28307.757
MinimumVisualStudioVersion = 10.0.40219.1
Project("{FAE04EC0-301F-11D3-BF4B-00C04F79EFBC}") = "Contoh", "Contoh\Contoh.csproj", "{F31535AF-C0DC-4152-A6D4-62B9EC267AF0}"
EndProject
Global
	GlobalSection(SolutionConfigurationPlatforms) = preSolution
		Debug|Any CPU = Debug|Any CPU
		Release|Any CPU = Release|Any CPU
	EndGlobalSection
	GlobalSection(ProjectConfigurationPlatforms) = postSolution
		{F31535AF-C0DC-4152-A6D4-62B9EC267AF0}.Debug|Any CPU.ActiveCfg = Debug|Any CPU
		{F31535AF-C0DC-4152-A6D4-62B9EC267AF0}.Debug|Any CPU.Build.0 = Debug|Any CPU
		{F31535AF-C0DC-4152-A6D4-62B9EC267AF0}.Release|Any CPU.ActiveCfg = Release|Any CPU
		{F31535AF-C0DC-4152-A6D4-62B9EC267AF0}.Release|Any CPU.Build.0 = Release|Any CPU
	EndGlobalSection
	GlobalSection(SolutionProperties) = preSolution
		HideSolutionNode = FALSE
	EndGlobalSection
	GlobalSection(ExtensibilityGlobals) = postSolution
		SolutionGuid = {DB77D22D-D5BB-4A4E-A436-99C4259272EC}
	EndGlobalSection
EndGlobal
